// !$*UTF8*$!
{
	archiveVersion = 1;
	classes = {
	};
	objectVersion = 50;
	objects = {

/* Begin PBXBuildFile section */
		5D8535DD27A97A7200193C97 /* MVVMWeatherApp.swift in Sources */ = {isa = PBXBuildFile; fileRef = 5D8535DC27A97A7200193C97 /* MVVMWeatherApp.swift */; };
		5D8535DF27A97A7200193C97 /* ContentView.swift in Sources */ = {isa = PBXBuildFile; fileRef = 5D8535DE27A97A7200193C97 /* ContentView.swift */; };
		5D8535E127A97A7400193C97 /* Assets.xcassets in Resources */ = {isa = PBXBuildFile; fileRef = 5D8535E027A97A7400193C97 /* Assets.xcassets */; };
		5D8535E427A97A7400193C97 /* Preview Assets.xcassets in Resources */ = {isa = PBXBuildFile; fileRef = 5D8535E327A97A7400193C97 /* Preview Assets.xcassets */; };
		5D8535ED27A97AC400193C97 /* Models.swift in Sources */ = {isa = PBXBuildFile; fileRef = 5D8535EC27A97AC400193C97 /* Models.swift */; };
		5D8535F027A97ADF00193C97 /* ViewModel.swift in Sources */ = {isa = PBXBuildFile; fileRef = 5D8535EF27A97ADF00193C97 /* ViewModel.swift */; };
/* End PBXBuildFile section */

/* Begin PBXFileReference section */
		5D8535D927A97A7200193C97 /* MVVMWeather.app */ = {isa = PBXFileReference; explicitFileType = wrapper.application; includeInIndex = 0; path = MVVMWeather.app; sourceTree = BUILT_PRODUCTS_DIR; };
		5D8535DC27A97A7200193C97 /* MVVMWeatherApp.swift */ = {isa = PBXFileReference; lastKnownFileType = sourcecode.swift; path = MVVMWeatherApp.swift; sourceTree = "<group>"; };
		5D8535DE27A97A7200193C97 /* ContentView.swift */ = {isa = PBXFileReference; lastKnownFileType = sourcecode.swift; path = ContentView.swift; sourceTree = "<group>"; };
		5D8535E027A97A7400193C97 /* Assets.xcassets */ = {isa = PBXFileReference; lastKnownFileType = folder.assetcatalog; path = Assets.xcassets; sourceTree = "<group>"; };
		5D8535E327A97A7400193C97 /* Preview Assets.xcassets */ = {isa = PBXFileReference; lastKnownFileType = folder.assetcatalog; path = "Preview Assets.xcassets"; sourceTree = "<group>"; };
		5D8535E527A97A7400193C97 /* Info.plist */ = {isa = PBXFileReference; lastKnownFileType = text.plist.xml; path = Info.plist; sourceTree = "<group>"; };
		5D8535EC27A97AC400193C97 /* Models.swift */ = {isa = PBXFileReference; lastKnownFileType = sourcecode.swift; path = Models.swift; sourceTree = "<group>"; };
		5D8535EF27A97ADF00193C97 /* ViewModel.swift */ = {isa = PBXFileReference; lastKnownFileType = sourcecode.swift; path = ViewModel.swift; sourceTree = "<group>"; };
/* End PBXFileReference section */

/* Begin PBXFrameworksBuildPhase section */
		5D8535D627A97A7200193C97 /* Frameworks */ = {
			isa = PBXFrameworksBuildPhase;
			buildActionMask = 2147483647;
			files = (
			);
			runOnlyForDeploymentPostprocessing = 0;
		};
/* End PBXFrameworksBuildPhase section */

/* Begin PBXGroup section */
		5D8535D027A97A7200193C97 = {
			isa = PBXGroup;
			children = (
				5D8535DB27A97A7200193C97 /* MVVMWeather */,
				5D8535DA27A97A7200193C97 /* Products */,
			);
			sourceTree = "<group>";
		};
		5D8535DA27A97A7200193C97 /* Products */ = {
			isa = PBXGroup;
			children = (
				5D8535D927A97A7200193C97 /* MVVMWeather.app */,
			);
			name = Products;
			sourceTree = "<group>";
		};
		5D8535DB27A97A7200193C97 /* MVVMWeather */ = {
			isa = PBXGroup;
			children = (
				5D8535DC27A97A7200193C97 /* MVVMWeatherApp.swift */,
				5D8535DE27A97A7200193C97 /* ContentView.swift */,
				5D8535EC27A97AC400193C97 /* Models.swift */,
				5D8535EF27A97ADF00193C97 /* ViewModel.swift */,
				5D8535E027A97A7400193C97 /* Assets.xcassets */,
				5D8535E527A97A7400193C97 /* Info.plist */,
				5D8535E227A97A7400193C97 /* Preview Content */,
			);
			path = MVVMWeather;
			sourceTree = "<group>";
		};
		5D8535E227A97A7400193C97 /* Preview Content */ = {
			isa = PBXGroup;
			children = (
				5D8535E327A97A7400193C97 /* Preview Assets.xcassets */,
			);
			path = "Preview Content";
			sourceTree = "<group>";
		};
/* End PBXGroup section */

/* Begin PBXNativeTarget section */
		5D8535D827A97A7200193C97 /* MVVMWeather */ = {
			isa = PBXNativeTarget;
			buildConfigurationList = 5D8535E827A97A7400193C97 /* Build configuration list for PBXNativeTarget "MVVMWeather" */;
			buildPhases = (
				5D8535D527A97A7200193C97 /* Sources */,
				5D8535D627A97A7200193C97 /* Frameworks */,
				5D8535D727A97A7200193C97 /* Resources */,
			);
			buildRules = (
			);
			dependencies = (
			);
			name = MVVMWeather;
			productName = MVVMWeather;
			productReference = 5D8535D927A97A7200193C97 /* MVVMWeather.app */;
			productType = "com.apple.product-type.application";
		};
/* End PBXNativeTarget section */

/* Begin PBXProject section */
		5D8535D127A97A7200193C97 /* Project object */ = {
			isa = PBXProject;
			attributes = {
				LastSwiftUpdateCheck = 1230;
				LastUpgradeCheck = 1230;
				TargetAttributes = {
					5D8535D827A97A7200193C97 = {
						CreatedOnToolsVersion = 12.3;
					};
				};
			};
			buildConfigurationList = 5D8535D427A97A7200193C97 /* Build configuration list for PBXProject "MVVMWeather" */;
			compatibilityVersion = "Xcode 9.3";
			developmentRegion = en;
			hasScannedForEncodings = 0;
			knownRegions = (
				en,
				Base,
			);
			mainGroup = 5D8535D027A97A7200193C97;
			productRefGroup = 5D8535DA27A97A7200193C97 /* Products */;
			projectDirPath = "";
			projectRoot = "";
			targets = (
				5D8535D827A97A7200193C97 /* MVVMWeather */,
			);
		};
/* End PBXProject section */

/* Begin PBXResourcesBuildPhase section */
		5D8535D727A97A7200193C97 /* Resources */ = {
			isa = PBXResourcesBuildPhase;
			buildActionMask = 2147483647;
			files = (
				5D8535E427A97A7400193C97 /* Preview Assets.xcassets in Resources */,
				5D8535E127A97A7400193C97 /* Assets.xcassets in Resources */,
			);
			runOnlyForDeploymentPostprocessing = 0;
		};
/* End PBXResourcesBuildPhase section */

/* Begin PBXSourcesBuildPhase section */
		5D8535D527A97A7200193C97 /* Sources */ = {
			isa = PBXSourcesBuildPhase;
			buildActionMask = 2147483647;
			files = (
				5D8535ED27A97AC400193C97 /* Models.swift in Sources */,
				5D8535DF27A97A7200193C97 /* ContentView.swift in Sources */,
				5D8535F027A97ADF00193C97 /* ViewModel.swift in Sources */,
				5D8535DD27A97A7200193C97 /* MVVMWeatherApp.swift in Sources */,
			);
			runOnlyForDeploymentPostprocessing = 0;
		};
/* End PBXSourcesBuildPhase section */

/* Begin XCBuildConfiguration section */
		5D8535E627A97A7400193C97 /* Debug */ = {
			isa = XCBuildConfiguration;
			buildSettings = {
				ALWAYS_SEARCH_USER_PATHS = NO;
				CLANG_ANALYZER_NONNULL = YES;
				CLANG_ANALYZER_NUMBER_OBJECT_CONVERSION = YES_AGGRESSIVE;
				CLANG_CXX_LANGUAGE_STANDARD = "gnu++14";
				CLANG_CXX_LIBRARY = "libc++";
				CLANG_ENABLE_MODULES = YES;
				CLANG_ENABLE_OBJC_ARC = YES;
				CLANG_ENABLE_OBJC_WEAK = YES;
				CLANG_WARN_BLOCK_CAPTURE_AUTORELEASING = YES;
				CLANG_WARN_BOOL_CONVERSION = YES;
				CLANG_WARN_COMMA = YES;
				CLANG_WARN_CONSTANT_CONVERSION = YES;
				CLANG_WARN_DEPRECATED_OBJC_IMPLEMENTATIONS = YES;
				CLANG_WARN_DIRECT_OBJC_ISA_USAGE = YES_ERROR;
				CLANG_WARN_DOCUMENTATION_COMMENTS = YES;
				CLANG_WARN_EMPTY_BODY = YES;
				CLANG_WARN_ENUM_CONVERSION = YES;
				CLANG_WARN_INFINITE_RECURSION = YES;
				CLANG_WARN_INT_CONVERSION = YES;
				CLANG_WARN_NON_LITERAL_NULL_CONVERSION = YES;
				CLANG_WARN_OBJC_IMPLICIT_RETAIN_SELF = YES;
				CLANG_WARN_OBJC_LITERAL_CONVERSION = YES;
				CLANG_WARN_OBJC_ROOT_CLASS = YES_ERROR;
				CLANG_WARN_QUOTED_INCLUDE_IN_FRAMEWORK_HEADER = YES;
				CLANG_WARN_RANGE_LOOP_ANALYSIS = YES;
				CLANG_WARN_STRICT_PROTOTYPES = YES;
				CLANG_WARN_SUSPICIOUS_MOVE = YES;
				CLANG_WARN_UNGUARDED_AVAILABILITY = YES_AGGRESSIVE;
				CLANG_WARN_UNREACHABLE_CODE = YES;
				CLANG_WARN__DUPLICATE_METHOD_MATCH = YES;
				COPY_PHASE_STRIP = NO;
				DEBUG_INFORMATION_FORMAT = dwarf;
				ENABLE_STRICT_OBJC_MSGSEND = YES;
				ENABLE_TESTABILITY = YES;
				GCC_C_LANGUAGE_STANDARD = gnu11;
				GCC_DYNAMIC_NO_PIC = NO;
				GCC_NO_COMMON_BLOCKS = YES;
				GCC_OPTIMIZATION_LEVEL = 0;
				GCC_PREPROCESSOR_DEFINITIONS = (
					"DEBUG=1",
					"$(inherited)",
				);
				GCC_WARN_64_TO_32_BIT_CONVERSION = YES;
				GCC_WARN_ABOUT_RETURN_TYPE = YES_ERROR;
				GCC_WARN_UNDECLARED_SELECTOR = YES;
				GCC_WARN_UNINITIALIZED_AUTOS = YES_AGGRESSIVE;
				GCC_WARN_UNUSED_FUNCTION = YES;
				GCC_WARN_UNUSED_VARIABLE = YES;
				IPHONEOS_DEPLOYMENT_TARGET = 14.3;
				MTL_ENABLE_DEBUG_INFO = INCLUDE_SOURCE;
				MTL_FAST_MATH = YES;
				ONLY_ACTIVE_ARCH = YES;
				SDKROOT = iphoneos;
				SWIFT_ACTIVE_COMPILATION_CONDITIONS = DEBUG;
				SWIFT_OPTIMIZATION_LEVEL = "-Onone";
			};
			name = Debug;
		};
		5D8535E727A97A7400193C97 /* Release */ = {
			isa = XCBuildConfiguration;
			buildSettings = {
				ALWAYS_SEARCH_USER_PATHS = NO;
				CLANG_ANALYZER_NONNULL = YES;
				CLANG_ANALYZER_NUMBER_OBJECT_CONVERSION = YES_AGGRESSIVE;
				CLANG_CXX_LANGUAGE_STANDARD = "gnu++14";
				CLANG_CXX_LIBRARY = "libc++";
				CLANG_ENABLE_MODULES = YES;
				CLANG_ENABLE_OBJC_ARC = YES;
				CLANG_ENABLE_OBJC_WEAK = YES;
				CLANG_WARN_BLOCK_CAPTURE_AUTORELEASING = YES;
				CLANG_WARN_BOOL_CONVERSION = YES;
				CLANG_WARN_COMMA = YES;
				CLANG_WARN_CONSTANT_CONVERSION = YES;
				CLANG_WARN_DEPRECATED_OBJC_IMPLEMENTATIONS = YES;
				CLANG_WARN_DIRECT_OBJC_ISA_USAGE = YES_ERROR;
				CLANG_WARN_DOCUMENTATION_COMMENTS = YES;
				CLANG_WARN_EMPTY_BODY = YES;
				CLANG_WARN_ENUM_CONVERSION = YES;
				CLANG_WARN_INFINITE_RECURSION = YES;
				CLANG_WARN_INT_CONVERSION = YES;
				CLANG_WARN_NON_LITERAL_NULL_CONVERSION = YES;
				CLANG_WARN_OBJC_IMPLICIT_RETAIN_SELF = YES;
				CLANG_WARN_OBJC_LITERAL_CONVERSION = YES;
				CLANG_WARN_OBJC_ROOT_CLASS = YES_ERROR;
				CLANG_WARN_QUOTED_INCLUDE_IN_FRAMEWORK_HEADER = YES;
				CLANG_WARN_RANGE_LOOP_ANALYSIS = YES;
				CLANG_WARN_STRICT_PROTOTYPES = YES;
				CLANG_WARN_SUSPICIOUS_MOVE = YES;
				CLANG_WARN_UNGUARDED_AVAILABILITY = YES_AGGRESSIVE;
				CLANG_WARN_UNREACHABLE_CODE = YES;
				CLANG_WARN__DUPLICATE_METHOD_MATCH = YES;
				COPY_PHASE_STRIP = NO;
				DEBUG_INFORMATION_FORMAT = "dwarf-with-dsym";
				ENABLE_NS_ASSERTIONS = NO;
				ENABLE_STRICT_OBJC_MSGSEND = YES;
				GCC_C_LANGUAGE_STANDARD = gnu11;
				GCC_NO_COMMON_BLOCKS = YES;
				GCC_WARN_64_TO_32_BIT_CONVERSION = YES;
				GCC_WARN_ABOUT_RETURN_TYPE = YES_ERROR;
				GCC_WARN_UNDECLARED_SELECTOR = YES;
				GCC_WARN_UNINITIALIZED_AUTOS = YES_AGGRESSIVE;
				GCC_WARN_UNUSED_FUNCTION = YES;
				GCC_WARN_UNUSED_VARIABLE = YES;
				IPHONEOS_DEPLOYMENT_TARGET = 14.3;
				MTL_ENABLE_DEBUG_INFO = NO;
				MTL_FAST_MATH = YES;
				SDKROOT = iphoneos;
				SWIFT_COMPILATION_MODE = wholemodule;
				SWIFT_OPTIMIZATION_LEVEL = "-O";
				VALIDATE_PRODUCT = YES;
			};
			name = Release;
		};
		5D8535E927A97A7400193C97 /* Debug */ = {
			isa = XCBuildConfiguration;
			buildSettings = {
				ASSETCATALOG_COMPILER_APPICON_NAME = AppIcon;
				ASSETCATALOG_COMPILER_GLOBAL_ACCENT_COLOR_NAME = AccentColor;
				CODE_SIGN_STYLE = Automatic;
				DEVELOPMENT_ASSET_PATHS = "\"MVVMWeather/Preview Content\"";
				ENABLE_PREVIEWS = YES;
				INFOPLIST_FILE = MVVMWeather/Info.plist;
				IPHONEOS_DEPLOYMENT_TARGET = 14.0;
				LD_RUNPATH_SEARCH_PATHS = (
					"$(inherited)",
					"@executable_path/Frameworks",
				);
				PRODUCT_BUNDLE_IDENTIFIER = g.anastasiia.MVVMWeather;
				PRODUCT_NAME = "$(TARGET_NAME)";
				SWIFT_VERSION = 5.0;
				TARGETED_DEVICE_FAMILY = "1,2";
			};
			name = Debug;
		};
		5D8535EA27A97A7400193C97 /* Release */ = {
			isa = XCBuildConfiguration;
			buildSettings = {
				ASSETCATALOG_COMPILER_APPICON_NAME = AppIcon;
				ASSETCATALOG_COMPILER_GLOBAL_ACCENT_COLOR_NAME = AccentColor;
				CODE_SIGN_STYLE = Automatic;
				DEVELOPMENT_ASSET_PATHS = "\"MVVMWeather/Preview Content\"";
				ENABLE_PREVIEWS = YES;
				INFOPLIST_FILE = MVVMWeather/Info.plist;
				IPHONEOS_DEPLOYMENT_TARGET = 14.0;
				LD_RUNPATH_SEARCH_PATHS = (
					"$(inherited)",
					"@executable_path/Frameworks",
				);
				PRODUCT_BUNDLE_IDENTIFIER = g.anastasiia.MVVMWeather;
				PRODUCT_NAME = "$(TARGET_NAME)";
				SWIFT_VERSION = 5.0;
				TARGETED_DEVICE_FAMILY = "1,2";
			};
			name = Release;
		};
/* End XCBuildConfiguration section */

/* Begin XCConfigurationList section */
		5D8535D427A97A7200193C97 /* Build configuration list for PBXProject "MVVMWeather" */ = {
			isa = XCConfigurationList;
			buildConfigurations = (
				5D8535E627A97A7400193C97 /* Debug */,
				5D8535E727A97A7400193C97 /* Release */,
			);
			defaultConfigurationIsVisible = 0;
			defaultConfigurationName = Release;
		};
		5D8535E827A97A7400193C97 /* Build configuration list for PBXNativeTarget "MVVMWeather" */ = {
			isa = XCConfigurationList;
			buildConfigurations = (
				5D8535E927A97A7400193C97 /* Debug */,
				5D8535EA27A97A7400193C97 /* Release */,
			);
			defaultConfigurationIsVisible = 0;
			defaultConfigurationName = Release;
		};
/* End XCConfigurationList section */
	};
	rootObject = 5D8535D127A97A7200193C97 /* Project object */;
}
